
Microsoft Visual Studio Solution File, Format Version 12.00
# Visual Studio Version 17
VisualStudioVersion = 17.9.34902.65
MinimumVisualStudioVersion = 10.0.40219.1
Project("{FAE04EC0-301F-11D3-BF4B-00C04F79EFBC}") = "Homework_002", "Homework_002\Homework_002.csproj", "{CE1441C3-EF8A-405D-8EB3-274397EF1F34}"
EndProject
Global
	GlobalSection(SolutionConfigurationPlatforms) = preSolution
		Debug|Any CPU = Debug|Any CPU
		Release|Any CPU = Release|Any CPU
	EndGlobalSection
	GlobalSection(ProjectConfigurationPlatforms) = postSolution
		{CE1441C3-EF8A-405D-8EB3-274397EF1F34}.Debug|Any CPU.ActiveCfg = Debug|Any CPU
		{CE1441C3-EF8A-405D-8EB3-274397EF1F34}.Debug|Any CPU.Build.0 = Debug|Any CPU
		{CE1441C3-EF8A-405D-8EB3-274397EF1F34}.Release|Any CPU.ActiveCfg = Release|Any CPU
		{CE1441C3-EF8A-405D-8EB3-274397EF1F34}.Release|Any CPU.Build.0 = Release|Any CPU
	EndGlobalSection
	GlobalSection(SolutionProperties) = preSolution
		HideSolutionNode = FALSE
	EndGlobalSection
	GlobalSection(ExtensibilityGlobals) = postSolution
		SolutionGuid = {BFDD60AC-0975-4657-A03E-5989BF37B155}
	EndGlobalSection
EndGlobal
